
Microsoft Visual Studio Solution File, Format Version 12.00
# Visual Studio Version 17
VisualStudioVersion = 17.8.34525.116
MinimumVisualStudioVersion = 10.0.40219.1
Project("{9A19103F-16F7-4668-BE54-9A1E7A4F7556}") = "GlobalProduct", "GlobalProduct.csproj", "{72E7AFD7-295D-442E-936B-D0A60782AAC1}"
EndProject
Project("{FAE04EC0-301F-11D3-BF4B-00C04F79EFBC}") = "ConsoleApp1", "ConsoleApp1\ConsoleApp1.csproj", "{157F889A-578C-4B4D-BD42-161B052EAB34}"
EndProject
Global
	GlobalSection(SolutionConfigurationPlatforms) = preSolution
		Debug|Any CPU = Debug|Any CPU
		Release|Any CPU = Release|Any CPU
	EndGlobalSection
	GlobalSection(ProjectConfigurationPlatforms) = postSolution
		{72E7AFD7-295D-442E-936B-D0A60782AAC1}.Debug|Any CPU.ActiveCfg = Debug|Any CPU
		{72E7AFD7-295D-442E-936B-D0A60782AAC1}.Debug|Any CPU.Build.0 = Debug|Any CPU
		{72E7AFD7-295D-442E-936B-D0A60782AAC1}.Release|Any CPU.ActiveCfg = Release|Any CPU
		{72E7AFD7-295D-442E-936B-D0A60782AAC1}.Release|Any CPU.Build.0 = Release|Any CPU
		{157F889A-578C-4B4D-BD42-161B052EAB34}.Debug|Any CPU.ActiveCfg = Debug|Any CPU
		{157F889A-578C-4B4D-BD42-161B052EAB34}.Debug|Any CPU.Build.0 = Debug|Any CPU
		{157F889A-578C-4B4D-BD42-161B052EAB34}.Release|Any CPU.ActiveCfg = Release|Any CPU
		{157F889A-578C-4B4D-BD42-161B052EAB34}.Release|Any CPU.Build.0 = Release|Any CPU
	EndGlobalSection
	GlobalSection(SolutionProperties) = preSolution
		HideSolutionNode = FALSE
	EndGlobalSection
	GlobalSection(ExtensibilityGlobals) = postSolution
		SolutionGuid = {6CB37865-CE46-4093-B433-BEA2AA99C124}
	EndGlobalSection
EndGlobal
